
Microsoft Visual Studio Solution File, Format Version 12.00
# Visual Studio Version 16
VisualStudioVersion = 16.0.30413.136
MinimumVisualStudioVersion = 10.0.40219.1
Project("{FAE04EC0-301F-11D3-BF4B-00C04F79EFBC}") = "GomokuBaruUas", "GomokuBaruUas\GomokuBaruUas.csproj", "{0A3B3D33-B016-4B74-A5FD-48467E9A7F2E}"
EndProject
Global
	GlobalSection(SolutionConfigurationPlatforms) = preSolution
		Debug|Any CPU = Debug|Any CPU
		Release|Any CPU = Release|Any CPU
	EndGlobalSection
	GlobalSection(ProjectConfigurationPlatforms) = postSolution
		{0A3B3D33-B016-4B74-A5FD-48467E9A7F2E}.Debug|Any CPU.ActiveCfg = Debug|Any CPU
		{0A3B3D33-B016-4B74-A5FD-48467E9A7F2E}.Debug|Any CPU.Build.0 = Debug|Any CPU
		{0A3B3D33-B016-4B74-A5FD-48467E9A7F2E}.Release|Any CPU.ActiveCfg = Release|Any CPU
		{0A3B3D33-B016-4B74-A5FD-48467E9A7F2E}.Release|Any CPU.Build.0 = Release|Any CPU
	EndGlobalSection
	GlobalSection(SolutionProperties) = preSolution
		HideSolutionNode = FALSE
	EndGlobalSection
	GlobalSection(ExtensibilityGlobals) = postSolution
		SolutionGuid = {9B71CE17-784A-41F2-A4AE-F74B0C03AEAE}
	EndGlobalSection
EndGlobal
